
Microsoft Visual Studio Solution File, Format Version 12.00
# Visual Studio Version 16
VisualStudioVersion = 16.0.32126.315
MinimumVisualStudioVersion = 10.0.40219.1
Project("{8BC9CEB8-8B4A-11D0-8D11-00A0C91BC942}") = "WynajmowanieMieszkań", "WynajmowanieMieszkań\WynajmowanieMieszkań.vcxproj", "{680537B3-F866-4871-9725-CC43139D1220}"
EndProject
Global
	GlobalSection(SolutionConfigurationPlatforms) = preSolution
		Debug|x64 = Debug|x64
		Debug|x86 = Debug|x86
		Release|x64 = Release|x64
		Release|x86 = Release|x86
	EndGlobalSection
	GlobalSection(ProjectConfigurationPlatforms) = postSolution
		{680537B3-F866-4871-9725-CC43139D1220}.Debug|x64.ActiveCfg = Debug|x64
		{680537B3-F866-4871-9725-CC43139D1220}.Debug|x64.Build.0 = Debug|x64
		{680537B3-F866-4871-9725-CC43139D1220}.Debug|x86.ActiveCfg = Debug|Win32
		{680537B3-F866-4871-9725-CC43139D1220}.Debug|x86.Build.0 = Debug|Win32
		{680537B3-F866-4871-9725-CC43139D1220}.Release|x64.ActiveCfg = Release|x64
		{680537B3-F866-4871-9725-CC43139D1220}.Release|x64.Build.0 = Release|x64
		{680537B3-F866-4871-9725-CC43139D1220}.Release|x86.ActiveCfg = Release|Win32
		{680537B3-F866-4871-9725-CC43139D1220}.Release|x86.Build.0 = Release|Win32
	EndGlobalSection
	GlobalSection(SolutionProperties) = preSolution
		HideSolutionNode = FALSE
	EndGlobalSection
	GlobalSection(ExtensibilityGlobals) = postSolution
		SolutionGuid = {663CFB9E-5EC4-4A02-9081-B574BCF08A08}
	EndGlobalSection
EndGlobal
